{
  "nodes": {
    "circt-nix": {
      "inputs": {
        "circt-src": "circt-src",
        "cli11-src": "cli11-src",
        "flake-compat": "flake-compat",
        "fmt-src": "fmt-src",
        "googletest-src": "googletest-src",
        "ixwebsocket-src": "ixwebsocket-src",
        "llvm-src": "llvm-src",
        "nixpkgs": "nixpkgs",
        "nlohmann-json-src": "nlohmann-json-src",
        "slang-src": "slang-src",
        "zlib-src": "zlib-src"
      },
      "locked": {
        "lastModified": 1790607259,
        "narHash": "sha256-zlxk39bdmvqqjTlXo551e+3iGG/hVwP9qSlwlE21CVc=",
        "owner": "xinpian-tech",
        "repo": "circt-nix",
        "rev": "f6d7e7c0c8bda2ccca0ada4d8d34b6a646591b39",
        "type": "github"
      },
      "original": {
        "owner": "xinpian-tech",
        "repo": "circt-nix",
        "type": "github"
      }
    },
    "circt-src": {
      "flake": false,
      "locked": {
        "lastModified": 1790607178,
        "narHash": "sha256-IuJhcWzGoHGeCtr/2T90QgwJNczp0JTzq4+ksAtvvqo=",
        "owner": "xinpian-tech",
        "repo": "circt",
        "rev": "a72ba7ea79003e4b120041bf553d527955b9190b",
        "type": "github"
      },
      "original": {
        "owner": "xinpian-tech",
        "ref": "master",
        "repo": "circt",
        "type": "github"
      }
    },
    "cli11-src": {
      "flake": false,
      "locked": {
        "lastModified": 1740659131,
        "narHash": "sha256-73dfpZDnKl0cADM4LTP3/eDFhwCdiHbEaGRF7ZyWsdQ=",
        "owner": "CLIUtils",
        "repo": "CLI11",
        "rev": "4160d259d961cd393fd8d67590a8c7d210207348",
        "type": "github"
      },
      "original": {
        "owner": "CLIUtils",
        "ref": "v2.5.0",
        "repo": "CLI11",
        "type": "github"
      }
    },
    "crane": {
      "locked": {
        "lastModified": 1783203018,
        "narHash": "sha256-G6R9IT/xwFuu+CYBWDUAok6AdC4ERC4ZfPPFtEpxnZE=",
        "owner": "ipetkov",
        "repo": "crane",
        "rev": "80db5bdc391be8a1794f6d8a2d56e3a84ebcede2",
        "type": "github"
      },
      "original": {
        "owner": "ipetkov",
        "repo": "crane",
        "type": "github"
      }
    },
    "flake-compat": {
      "flake": false,
      "locked": {
        "lastModified": 1767039857,
        "narHash": "sha256-vNpUSpF5Nuw8xvDLj2KCwwksIbjua2LZCqhV1LNRDns=",
        "owner": "edolstra",
        "repo": "flake-compat",
        "rev": "5edf11c44bc78a0d334f6334cdaf7d60d732daab",
        "type": "github"
      },
      "original": {
        "owner": "edolstra",
        "repo": "flake-compat",
        "type": "github"
      }
    },
    "flake-parts": {
      "inputs": {
        "nixpkgs-lib": [
          "mvn-trace-forge",
          "nixpkgs"
        ]
      },
      "locked": {
        "lastModified": 1763759067,
        "narHash": "sha256-LlLt2Jo/gMNYAwOgdRQBrsRoOz7BPRkzvNaI/fzXi2Q=",
        "owner": "hercules-ci",
        "repo": "flake-parts",
        "rev": "2cccadc7357c0ba201788ae99c4dfa90728ef5e0",
        "type": "github"
      },
      "original": {
        "owner": "hercules-ci",
        "repo": "flake-parts",
        "type": "github"
      }
    },
    "flake-parts_2": {
      "inputs": {
        "nixpkgs-lib": [
          "scala3-bsp-semantic-ls",
          "mill-ivy-fetcher",
          "nixpkgs"
        ]
      },
      "locked": {
        "lastModified": 1763759067,
        "narHash": "sha256-LlLt2Jo/gMNYAwOgdRQBrsRoOz7BPRkzvNaI/fzXi2Q=",
        "owner": "hercules-ci",
        "repo": "flake-parts",
        "rev": "2cccadc7357c0ba201788ae99c4dfa90728ef5e0",
        "type": "github"
      },
      "original": {
        "owner": "hercules-ci",
        "repo": "flake-parts",
        "type": "github"
      }
    },
    "flake-utils": {
      "inputs": {
        "systems": "systems"
      },
      "locked": {
        "lastModified": 1731533236,
        "narHash": "sha256-l0KFg5HjrsfsO/JpG+r7fRrqm12kzFHyUHqHCVpMMbI=",
        "owner": "numtide",
        "repo": "flake-utils",
        "rev": "11707dc2f618dd54ca8739b309ec4fc024de578b",
        "type": "github"
      },
      "original": {
        "owner": "numtide",
        "repo": "flake-utils",
        "type": "github"
      }
    },
    "flake-utils_2": {
      "inputs": {
        "systems": "systems_2"
      },
      "locked": {
        "lastModified": 1731533236,
        "narHash": "sha256-l0KFg5HjrsfsO/JpG+r7fRrqm12kzFHyUHqHCVpMMbI=",
        "owner": "numtide",
        "repo": "flake-utils",
        "rev": "11707dc2f618dd54ca8739b309ec4fc024de578b",
        "type": "github"
      },
      "original": {
        "owner": "numtide",
        "repo": "flake-utils",
        "type": "github"
      }
    },
    "fmt-src": {
      "flake": false,
      "locked": {
        "lastModified": 1740593668,
        "narHash": "sha256-sUbxlYi/Aupaox3JjWFqXIjcaQa0LFjclQAOleT+FRA=",
        "owner": "fmtlib",
        "repo": "fmt",
        "rev": "123913715afeb8a437e6388b4473fcc4753e1c9a",
        "type": "github"
      },
      "original": {
        "owner": "fmtlib",
        "ref": "11.1.4",
        "repo": "fmt",
        "type": "github"
      }
    },
    "googletest-src": {
      "flake": false,
      "locked": {
        "lastModified": 1722432886,
        "narHash": "sha256-1OJ2SeSscRBNr7zZ/a8bJGIqAnhkg45re0j3DtPfcXM=",
        "owner": "google",
        "repo": "googletest",
        "rev": "b514bdc898e2951020cbdca1304b75f5950d1f59",
        "type": "github"
      },
      "original": {
        "owner": "google",
        "ref": "v1.15.2",
        "repo": "googletest",
        "type": "github"
      }
    },
    "ixwebsocket-src": {
      "flake": false,
      "locked": {
        "lastModified": 1778618314,
        "narHash": "sha256-nzkz/18q2h+/CcjMYVo2XmkUp5/50oakdGsWxp4KKHM=",
        "owner": "machinezone",
        "repo": "IXWebSocket",
        "rev": "173f442474c4d9db16184c5e15cc96e07605e0e0",
        "type": "github"
      },
      "original": {
        "owner": "machinezone",
        "repo": "IXWebSocket",
        "rev": "173f442474c4d9db16184c5e15cc96e07605e0e0",
        "type": "github"
      }
    },
    "llvm-src": {
      "flake": false,
      "locked": {
        "lastModified": 1788198821,
        "narHash": "sha256-1qERhNh9h0fbF4e3IRpAPqnWQXGow5l39z1sda6Lxl8=",
        "owner": "llvm",
        "repo": "llvm-project",
        "rev": "e297b52ec9d8b5c38042e53ae5650922717970cd",
        "type": "github"
      },
      "original": {
        "owner": "llvm",
        "repo": "llvm-project",
        "rev": "e297b52ec9d8b5c38042e53ae5650922717970cd",
        "type": "github"
      }
    },
    "mill-ivy-fetcher": {
      "inputs": {
        "flake-parts": "flake-parts_2",
        "nixpkgs": "nixpkgs_4",
        "treefmt-nix": "treefmt-nix_2"
      },
      "locked": {
        "lastModified": 1772960587,
        "narHash": "sha256-JXcsEMWWoChpsCPuJQJaTdkEemC4Q5bcu3fPNTJvTGk=",
        "owner": "Avimitin",
        "repo": "mill-ivy-fetcher",
        "rev": "54fbe54b4ad66d0dcefc240ed6388238c5fc1dfd",
        "type": "github"
      },
      "original": {
        "owner": "Avimitin",
        "repo": "mill-ivy-fetcher",
        "type": "github"
      }
    },
    "mvn-trace-forge": {
      "inputs": {
        "flake-parts": "flake-parts",
        "nixpkgs": "nixpkgs_2",
        "treefmt-nix": "treefmt-nix"
      },
      "locked": {
        "lastModified": 1785312062,
        "narHash": "sha256-BsEh4fbXhpTmRLvOTGVBGyDcTx7JC6NdRgdQbejpzFI=",
        "owner": "Avimitin",
        "repo": "mvn-trace-forge",
        "rev": "335d024759a6a4f060cd2635e215e9855d99dcd1",
        "type": "github"
      },
      "original": {
        "owner": "Avimitin",
        "repo": "mvn-trace-forge",
        "type": "github"
      }
    },
    "nixpkgs": {
      "locked": {
        "lastModified": 1790185690,
        "narHash": "sha256-xJ+X4hBtOcAFGBOe5nAMyMUeF9foJBmIOu3NjBqBycU=",
        "owner": "NixOS",
        "repo": "nixpkgs",
        "rev": "4975466d324710c576dc11ad614684e6bd8cad8e",
        "type": "github"
      },
      "original": {
        "owner": "NixOS",
        "ref": "nixos-unstable",
        "repo": "nixpkgs",
        "type": "github"
      }
    },
    "nixpkgs_2": {
      "locked": {
        "lastModified": 1765270179,
        "narHash": "sha256-g2a4MhRKu4ymR4xwo+I+auTknXt/+j37Lnf0Mvfl1rE=",
        "owner": "nixos",
        "repo": "nixpkgs",
        "rev": "677fbe97984e7af3175b6c121f3c39ee5c8d62c9",
        "type": "github"
      },
      "original": {
        "owner": "nixos",
        "ref": "nixpkgs-unstable",
        "repo": "nixpkgs",
        "type": "github"
      }
    },
    "nixpkgs_3": {
      "locked": {
        "lastModified": 1785307242,
        "narHash": "sha256-ru0UgPKsj5gRJHkLVUY88sIymx4WPniZCtUJyldMtLs=",
        "owner": "NixOS",
        "repo": "nixpkgs",
        "rev": "255d738cbacb7f30ac8629e091538c4382841ac5",
        "type": "github"
      },
      "original": {
        "owner": "NixOS",
        "ref": "nixos-unstable-small",
        "repo": "nixpkgs",
        "type": "github"
      }
    },
    "nixpkgs_4": {
      "locked": {
        "lastModified": 1765270179,
        "narHash": "sha256-g2a4MhRKu4ymR4xwo+I+auTknXt/+j37Lnf0Mvfl1rE=",
        "owner": "nixos",
        "repo": "nixpkgs",
        "rev": "677fbe97984e7af3175b6c121f3c39ee5c8d62c9",
        "type": "github"
      },
      "original": {
        "owner": "nixos",
        "ref": "nixpkgs-unstable",
        "repo": "nixpkgs",
        "type": "github"
      }
    },
    "nixpkgs_5": {
      "locked": {
        "lastModified": 1782723713,
        "narHash": "sha256-oPXCU/SSUokcGaJREHibG1CBX3+s/W7orDWQOZDsEeQ=",
        "owner": "NixOS",
        "repo": "nixpkgs",
        "rev": "b5aa0fbd538984f6e3d201be0005b4463d8b09f8",
        "type": "github"
      },
      "original": {
        "owner": "NixOS",
        "ref": "nixos-unstable",
        "repo": "nixpkgs",
        "type": "github"
      }
    },
    "nlohmann-json-src": {
      "flake": false,
      "locked": {
        "lastModified": 1701207391,
        "narHash": "sha256-7F0Jon+1oWL7uqet5i1IgHX0fUw/+z0QwEcA3zs5xHg=",
        "owner": "nlohmann",
        "repo": "json",
        "rev": "9cca280a4d0ccf0c08f47a99aa71d1b0e52f8d03",
        "type": "github"
      },
      "original": {
        "owner": "nlohmann",
        "ref": "v3.11.3",
        "repo": "json",
        "type": "github"
      }
    },
    "root": {
      "inputs": {
        "circt-nix": "circt-nix",
        "flake-utils": "flake-utils",
        "mvn-trace-forge": "mvn-trace-forge",
        "nixpkgs": "nixpkgs_3",
        "scala3-bsp-semantic-ls": "scala3-bsp-semantic-ls"
      }
    },
    "scala3-bsp-semantic-ls": {
      "inputs": {
        "crane": "crane",
        "flake-utils": "flake-utils_2",
        "mill-ivy-fetcher": "mill-ivy-fetcher",
        "nixpkgs": "nixpkgs_5",
        "zaozi": "zaozi"
      },
      "locked": {
        "lastModified": 1784826247,
        "narHash": "sha256-KUmeMwE5NUxu5kVswrwhPIiRB4FWEZAusadd4GvtWoI=",
        "owner": "xinpian-tech",
        "repo": "scala3-bsp-semantic-ls",
        "rev": "b0af17cbfdbc22f247e6c4dc6e31ed4b041beafe",
        "type": "github"
      },
      "original": {
        "owner": "xinpian-tech",
        "repo": "scala3-bsp-semantic-ls",
        "type": "github"
      }
    },
    "slang-src": {
      "flake": false,
      "locked": {
        "lastModified": 1781906659,
        "narHash": "sha256-tKse5rV5kHZmCOb8Zb8k4bOw4wN3pDfY5exdpva57bU=",
        "owner": "MikePopoloski",
        "repo": "slang",
        "rev": "44dc55f99b9c64971893013e7931e643fbedcf23",
        "type": "github"
      },
      "original": {
        "owner": "MikePopoloski",
        "repo": "slang",
        "rev": "44dc55f99b9c64971893013e7931e643fbedcf23",
        "type": "github"
      }
    },
    "systems": {
      "locked": {
        "lastModified": 1681028828,
        "narHash": "sha256-Vy1rq5AaRuLzOxct8nz4T6wlgyUR7zLU309k9mBC768=",
        "owner": "nix-systems",
        "repo": "default",
        "rev": "da67096a3b9bf56a91d16901293e51ba5b49a27e",
        "type": "github"
      },
      "original": {
        "owner": "nix-systems",
        "repo": "default",
        "type": "github"
      }
    },
    "systems_2": {
      "locked": {
        "lastModified": 1681028828,
        "narHash": "sha256-Vy1rq5AaRuLzOxct8nz4T6wlgyUR7zLU309k9mBC768=",
        "owner": "nix-systems",
        "repo": "default",
        "rev": "da67096a3b9bf56a91d16901293e51ba5b49a27e",
        "type": "github"
      },
      "original": {
        "owner": "nix-systems",
        "repo": "default",
        "type": "github"
      }
    },
    "treefmt-nix": {
      "inputs": {
        "nixpkgs": [
          "mvn-trace-forge",
          "nixpkgs"
        ]
      },
      "locked": {
        "lastModified": 1762938485,
        "narHash": "sha256-AlEObg0syDl+Spi4LsZIBrjw+snSVU4T8MOeuZJUJjM=",
        "owner": "numtide",
        "repo": "treefmt-nix",
        "rev": "5b4ee75aeefd1e2d5a1cc43cf6ba65eba75e83e4",
        "type": "github"
      },
      "original": {
        "owner": "numtide",
        "repo": "treefmt-nix",
        "type": "github"
      }
    },
    "treefmt-nix_2": {
      "inputs": {
        "nixpkgs": [
          "scala3-bsp-semantic-ls",
          "mill-ivy-fetcher",
          "nixpkgs"
        ]
      },
      "locked": {
        "lastModified": 1762938485,
        "narHash": "sha256-AlEObg0syDl+Spi4LsZIBrjw+snSVU4T8MOeuZJUJjM=",
        "owner": "numtide",
        "repo": "treefmt-nix",
        "rev": "5b4ee75aeefd1e2d5a1cc43cf6ba65eba75e83e4",
        "type": "github"
      },
      "original": {
        "owner": "numtide",
        "repo": "treefmt-nix",
        "type": "github"
      }
    },
    "zaozi": {
      "flake": false,
      "locked": {
        "lastModified": 1782478578,
        "narHash": "sha256-pQYHzckyC1XYIdf3hYZhPM0jIkMB8ffuB4FbTqVOAHg=",
        "owner": "xinpian-tech",
        "repo": "zaozi",
        "rev": "fefb58e9a7d70d112cef3e7a891a849e43f3b43c",
        "type": "github"
      },
      "original": {
        "owner": "xinpian-tech",
        "repo": "zaozi",
        "type": "github"
      }
    },
    "zlib-src": {
      "flake": false,
      "locked": {
        "lastModified": 1739919615,
        "narHash": "sha256-L/gubPuMLJ1nq+AVZdwhcv6mkgBYzKJ6ncoYM93LvJ0=",
        "owner": "madler",
        "repo": "zlib",
        "rev": "5a82f71ed1dfc0bec044d9702463dbdf84ea3b71",
        "type": "github"
      },
      "original": {
        "owner": "madler",
        "repo": "zlib",
        "rev": "5a82f71ed1dfc0bec044d9702463dbdf84ea3b71",
        "type": "github"
      }
    }
  },
  "root": "root",
  "version": 7
}
