{
  "nodes": {
    "circt-nix": {
      "inputs": {
        "circt-src": [
          "circt-src"
        ],
        "flake-compat": "flake-compat",
        "flake-utils": "flake-utils",
        "llvm-submodule-src": [
          "llvm-src"
        ],
        "nixpkgs": [
          "nixpkgs"
        ],
        "slang-src": "slang-src"
      },
      "locked": {
        "lastModified": 1779370424,
        "narHash": "sha256-q0FpuqQ9lLH5tGE2DffPzqisx4y7iuHuwq79HbhByS4=",
        "owner": "unlsycn",
        "repo": "circt-nix",
        "rev": "8e8c00adc52d19be0acc302b19c7e0a58065d90c",
        "type": "github"
      },
      "original": {
        "owner": "unlsycn",
        "repo": "circt-nix",
        "type": "github"
      }
    },
    "circt-src": {
      "flake": false,
      "locked": {
        "lastModified": 1782111404,
        "narHash": "sha256-zQdmouzcUZGbB7bAy0uPZWQBugb9chq6rrnUcP+6Hnw=",
        "owner": "xinpian-tech",
        "repo": "circt",
        "rev": "5047edbf79607e7bc57ad7ce0190c1baba177351",
        "type": "github"
      },
      "original": {
        "owner": "xinpian-tech",
        "ref": "verif-contract-direct",
        "repo": "circt",
        "type": "github"
      }
    },
    "flake-compat": {
      "flake": false,
      "locked": {
        "lastModified": 1767039857,
        "narHash": "sha256-vNpUSpF5Nuw8xvDLj2KCwwksIbjua2LZCqhV1LNRDns=",
        "owner": "edolstra",
        "repo": "flake-compat",
        "rev": "5edf11c44bc78a0d334f6334cdaf7d60d732daab",
        "type": "github"
      },
      "original": {
        "owner": "edolstra",
        "repo": "flake-compat",
        "type": "github"
      }
    },
    "flake-parts": {
      "inputs": {
        "nixpkgs-lib": [
          "mill-ivy-fetcher",
          "nixpkgs"
        ]
      },
      "locked": {
        "lastModified": 1763759067,
        "narHash": "sha256-LlLt2Jo/gMNYAwOgdRQBrsRoOz7BPRkzvNaI/fzXi2Q=",
        "owner": "hercules-ci",
        "repo": "flake-parts",
        "rev": "2cccadc7357c0ba201788ae99c4dfa90728ef5e0",
        "type": "github"
      },
      "original": {
        "owner": "hercules-ci",
        "repo": "flake-parts",
        "type": "github"
      }
    },
    "flake-utils": {
      "inputs": {
        "systems": "systems"
      },
      "locked": {
        "lastModified": 1731533236,
        "narHash": "sha256-l0KFg5HjrsfsO/JpG+r7fRrqm12kzFHyUHqHCVpMMbI=",
        "owner": "numtide",
        "repo": "flake-utils",
        "rev": "11707dc2f618dd54ca8739b309ec4fc024de578b",
        "type": "github"
      },
      "original": {
        "owner": "numtide",
        "repo": "flake-utils",
        "type": "github"
      }
    },
    "flake-utils_2": {
      "inputs": {
        "systems": "systems_2"
      },
      "locked": {
        "lastModified": 1731533236,
        "narHash": "sha256-l0KFg5HjrsfsO/JpG+r7fRrqm12kzFHyUHqHCVpMMbI=",
        "owner": "numtide",
        "repo": "flake-utils",
        "rev": "11707dc2f618dd54ca8739b309ec4fc024de578b",
        "type": "github"
      },
      "original": {
        "owner": "numtide",
        "repo": "flake-utils",
        "type": "github"
      }
    },
    "llvm-src": {
      "flake": false,
      "locked": {
        "lastModified": 1780700903,
        "narHash": "sha256-rms9EtZ/58qdrO45SsxFDGlYIBy1mnIpDZoD/5fyrQ4=",
        "owner": "llvm",
        "repo": "llvm-project",
        "rev": "b7152ff7026a05282b6ae91ccf150ede0217b08a",
        "type": "github"
      },
      "original": {
        "owner": "llvm",
        "repo": "llvm-project",
        "rev": "b7152ff7026a05282b6ae91ccf150ede0217b08a",
        "type": "github"
      }
    },
    "mill-ivy-fetcher": {
      "inputs": {
        "flake-parts": "flake-parts",
        "nixpkgs": "nixpkgs",
        "treefmt-nix": "treefmt-nix"
      },
      "locked": {
        "lastModified": 1772549846,
        "narHash": "sha256-R6J8KOey8OyEE7cAV8G1U2gY0eOrPJkBAHR7pX3yryo=",
        "owner": "Avimitin",
        "repo": "mill-ivy-fetcher",
        "rev": "325b485c8213b2f21677c0fae240b13f85055d7a",
        "type": "github"
      },
      "original": {
        "owner": "Avimitin",
        "repo": "mill-ivy-fetcher",
        "type": "github"
      }
    },
    "nixpkgs": {
      "locked": {
        "lastModified": 1765270179,
        "narHash": "sha256-g2a4MhRKu4ymR4xwo+I+auTknXt/+j37Lnf0Mvfl1rE=",
        "owner": "nixos",
        "repo": "nixpkgs",
        "rev": "677fbe97984e7af3175b6c121f3c39ee5c8d62c9",
        "type": "github"
      },
      "original": {
        "owner": "nixos",
        "ref": "nixpkgs-unstable",
        "repo": "nixpkgs",
        "type": "github"
      }
    },
    "nixpkgs_2": {
      "locked": {
        "lastModified": 1781612504,
        "narHash": "sha256-pq85N+/bJcjWdNdpgedfVuqtooZpOgTjSiQC7TwZGV0=",
        "owner": "NixOS",
        "repo": "nixpkgs",
        "rev": "c190319055bb5c31acfd7bb8356ce9ab05cb2b36",
        "type": "github"
      },
      "original": {
        "owner": "NixOS",
        "ref": "nixos-unstable-small",
        "repo": "nixpkgs",
        "type": "github"
      }
    },
    "root": {
      "inputs": {
        "circt-nix": "circt-nix",
        "circt-src": "circt-src",
        "flake-utils": "flake-utils_2",
        "llvm-src": "llvm-src",
        "mill-ivy-fetcher": "mill-ivy-fetcher",
        "nixpkgs": "nixpkgs_2"
      }
    },
    "slang-src": {
      "flake": false,
      "locked": {
        "lastModified": 1768519121,
        "narHash": "sha256-rw+DztENuY+DiAhQR2oNN/dQJzrcP5neF3LoWnqri+c=",
        "owner": "MikePopoloski",
        "repo": "slang",
        "rev": "ace09c5d7c9f4e28eed654d2f353c6dc792ebf67",
        "type": "github"
      },
      "original": {
        "owner": "MikePopoloski",
        "ref": "v10.0",
        "repo": "slang",
        "type": "github"
      }
    },
    "systems": {
      "locked": {
        "lastModified": 1681028828,
        "narHash": "sha256-Vy1rq5AaRuLzOxct8nz4T6wlgyUR7zLU309k9mBC768=",
        "owner": "nix-systems",
        "repo": "default",
        "rev": "da67096a3b9bf56a91d16901293e51ba5b49a27e",
        "type": "github"
      },
      "original": {
        "owner": "nix-systems",
        "repo": "default",
        "type": "github"
      }
    },
    "systems_2": {
      "locked": {
        "lastModified": 1681028828,
        "narHash": "sha256-Vy1rq5AaRuLzOxct8nz4T6wlgyUR7zLU309k9mBC768=",
        "owner": "nix-systems",
        "repo": "default",
        "rev": "da67096a3b9bf56a91d16901293e51ba5b49a27e",
        "type": "github"
      },
      "original": {
        "owner": "nix-systems",
        "repo": "default",
        "type": "github"
      }
    },
    "treefmt-nix": {
      "inputs": {
        "nixpkgs": [
          "mill-ivy-fetcher",
          "nixpkgs"
        ]
      },
      "locked": {
        "lastModified": 1762938485,
        "narHash": "sha256-AlEObg0syDl+Spi4LsZIBrjw+snSVU4T8MOeuZJUJjM=",
        "owner": "numtide",
        "repo": "treefmt-nix",
        "rev": "5b4ee75aeefd1e2d5a1cc43cf6ba65eba75e83e4",
        "type": "github"
      },
      "original": {
        "owner": "numtide",
        "repo": "treefmt-nix",
        "type": "github"
      }
    }
  },
  "root": "root",
  "version": 7
}
